// !$*UTF8*$!
{
	archiveVersion = 1;
	classes = {
	};
	objectVersion = 56;
	objects = {

/* Begin PBXBuildFile section */
		A564438629AC9F9B008925E9 /* SolarGramApp.swift in Sources */ = {isa = PBXBuildFile; fileRef = A564438529AC9F9B008925E9 /* SolarGramApp.swift */; };
		A564438829AC9F9B008925E9 /* ContentView.swift in Sources */ = {isa = PBXBuildFile; fileRef = A564438729AC9F9B008925E9 /* ContentView.swift */; };
		A564438A29AC9F9C008925E9 /* Assets.xcassets in Resources */ = {isa = PBXBuildFile; fileRef = A564438929AC9F9C008925E9 /* Assets.xcassets */; };
		A564438E29AC9F9C008925E9 /* Preview Assets.xcassets in Resources */ = {isa = PBXBuildFile; fileRef = A564438D29AC9F9C008925E9 /* Preview Assets.xcassets */; };
		A564439529ACA088008925E9 /* PhotoList.swift in Sources */ = {isa = PBXBuildFile; fileRef = A564439429ACA088008925E9 /* PhotoList.swift */; };
		A564439729ACA0B2008925E9 /* Post.swift in Sources */ = {isa = PBXBuildFile; fileRef = A564439629ACA0B2008925E9 /* Post.swift */; };
		A564439B29ACA0BF008925E9 /* User.swift in Sources */ = {isa = PBXBuildFile; fileRef = A564439A29ACA0BF008925E9 /* User.swift */; };
		A564439D29ACA217008925E9 /* PhotoRow.swift in Sources */ = {isa = PBXBuildFile; fileRef = A564439C29ACA217008925E9 /* PhotoRow.swift */; };
		A564439F29ACA4C8008925E9 /* PublicPosts.swift in Sources */ = {isa = PBXBuildFile; fileRef = A564439E29ACA4C8008925E9 /* PublicPosts.swift */; };
		A56443A129ACB591008925E9 /* ProfileView.swift in Sources */ = {isa = PBXBuildFile; fileRef = A56443A029ACB591008925E9 /* ProfileView.swift */; };
		A56443A329ACB897008925E9 /* GridPhotoView.swift in Sources */ = {isa = PBXBuildFile; fileRef = A56443A229ACB897008925E9 /* GridPhotoView.swift */; };
		A56443A529ACC24F008925E9 /* SquareImage.swift in Sources */ = {isa = PBXBuildFile; fileRef = A56443A429ACC24F008925E9 /* SquareImage.swift */; };
		FB6047D529D0C83A00EA7557 /* ViewModel.swift in Sources */ = {isa = PBXBuildFile; fileRef = FB6047D429D0C83A00EA7557 /* ViewModel.swift */; };
		FB6047D729D0D96C00EA7557 /* ImagePicker.swift in Sources */ = {isa = PBXBuildFile; fileRef = FB6047D629D0D96C00EA7557 /* ImagePicker.swift */; };
		FB6047D929D0D97800EA7557 /* CameraPicker.swift in Sources */ = {isa = PBXBuildFile; fileRef = FB6047D829D0D97800EA7557 /* CameraPicker.swift */; };
/* End PBXBuildFile section */

/* Begin PBXFileReference section */
		A564438229AC9F9B008925E9 /* SolarGram.app */ = {isa = PBXFileReference; explicitFileType = wrapper.application; includeInIndex = 0; path = SolarGram.app; sourceTree = BUILT_PRODUCTS_DIR; };
		A564438529AC9F9B008925E9 /* SolarGramApp.swift */ = {isa = PBXFileReference; lastKnownFileType = sourcecode.swift; path = SolarGramApp.swift; sourceTree = "<group>"; };
		A564438729AC9F9B008925E9 /* ContentView.swift */ = {isa = PBXFileReference; lastKnownFileType = sourcecode.swift; path = ContentView.swift; sourceTree = "<group>"; };
		A564438929AC9F9C008925E9 /* Assets.xcassets */ = {isa = PBXFileReference; lastKnownFileType = folder.assetcatalog; path = Assets.xcassets; sourceTree = "<group>"; };
		A564438B29AC9F9C008925E9 /* SolarGram.entitlements */ = {isa = PBXFileReference; lastKnownFileType = text.plist.entitlements; path = SolarGram.entitlements; sourceTree = "<group>"; };
		A564438D29AC9F9C008925E9 /* Preview Assets.xcassets */ = {isa = PBXFileReference; lastKnownFileType = folder.assetcatalog; path = "Preview Assets.xcassets"; sourceTree = "<group>"; };
		A564439429ACA088008925E9 /* PhotoList.swift */ = {isa = PBXFileReference; lastKnownFileType = sourcecode.swift; path = PhotoList.swift; sourceTree = "<group>"; };
		A564439629ACA0B2008925E9 /* Post.swift */ = {isa = PBXFileReference; lastKnownFileType = sourcecode.swift; path = Post.swift; sourceTree = "<group>"; };
		A564439A29ACA0BF008925E9 /* User.swift */ = {isa = PBXFileReference; lastKnownFileType = sourcecode.swift; path = User.swift; sourceTree = "<group>"; };
		A564439C29ACA217008925E9 /* PhotoRow.swift */ = {isa = PBXFileReference; lastKnownFileType = sourcecode.swift; path = PhotoRow.swift; sourceTree = "<group>"; };
		A564439E29ACA4C8008925E9 /* PublicPosts.swift */ = {isa = PBXFileReference; lastKnownFileType = sourcecode.swift; path = PublicPosts.swift; sourceTree = "<group>"; };
		A56443A029ACB591008925E9 /* ProfileView.swift */ = {isa = PBXFileReference; lastKnownFileType = sourcecode.swift; path = ProfileView.swift; sourceTree = "<group>"; };
		A56443A229ACB897008925E9 /* GridPhotoView.swift */ = {isa = PBXFileReference; lastKnownFileType = sourcecode.swift; path = GridPhotoView.swift; sourceTree = "<group>"; };
		A56443A429ACC24F008925E9 /* SquareImage.swift */ = {isa = PBXFileReference; lastKnownFileType = sourcecode.swift; path = SquareImage.swift; sourceTree = "<group>"; };
		FB6047D429D0C83A00EA7557 /* ViewModel.swift */ = {isa = PBXFileReference; lastKnownFileType = sourcecode.swift; path = ViewModel.swift; sourceTree = "<group>"; };
		FB6047D629D0D96C00EA7557 /* ImagePicker.swift */ = {isa = PBXFileReference; lastKnownFileType = sourcecode.swift; path = ImagePicker.swift; sourceTree = "<group>"; };
		FB6047D829D0D97800EA7557 /* CameraPicker.swift */ = {isa = PBXFileReference; lastKnownFileType = sourcecode.swift; path = CameraPicker.swift; sourceTree = "<group>"; };
/* End PBXFileReference section */

/* Begin PBXFrameworksBuildPhase section */
		A564437F29AC9F9B008925E9 /* Frameworks */ = {
			isa = PBXFrameworksBuildPhase;
			buildActionMask = 2147483647;
			files = (
			);
			runOnlyForDeploymentPostprocessing = 0;
		};
/* End PBXFrameworksBuildPhase section */

/* Begin PBXGroup section */
		A564437929AC9F9B008925E9 = {
			isa = PBXGroup;
			children = (
				A564438429AC9F9B008925E9 /* SolarGram */,
				A564438329AC9F9B008925E9 /* Products */,
			);
			sourceTree = "<group>";
		};
		A564438329AC9F9B008925E9 /* Products */ = {
			isa = PBXGroup;
			children = (
				A564438229AC9F9B008925E9 /* SolarGram.app */,
			);
			name = Products;
			sourceTree = "<group>";
		};
		A564438429AC9F9B008925E9 /* SolarGram */ = {
			isa = PBXGroup;
			children = (
				A564438529AC9F9B008925E9 /* SolarGramApp.swift */,
				FB6047D129D0C6AA00EA7557 /* Views */,
				FB6047D329D0C81900EA7557 /* ViewModel */,
				FB6047D029D0C5BB00EA7557 /* Model */,
				A564438929AC9F9C008925E9 /* Assets.xcassets */,
				A564438B29AC9F9C008925E9 /* SolarGram.entitlements */,
				A564438C29AC9F9C008925E9 /* Preview Content */,
			);
			path = SolarGram;
			sourceTree = "<group>";
		};
		A564438C29AC9F9C008925E9 /* Preview Content */ = {
			isa = PBXGroup;
			children = (
				A564438D29AC9F9C008925E9 /* Preview Assets.xcassets */,
			);
			path = "Preview Content";
			sourceTree = "<group>";
		};
		FB6047D029D0C5BB00EA7557 /* Model */ = {
			isa = PBXGroup;
			children = (
				A564439629ACA0B2008925E9 /* Post.swift */,
				A564439E29ACA4C8008925E9 /* PublicPosts.swift */,
				A564439A29ACA0BF008925E9 /* User.swift */,
			);
			path = Model;
			sourceTree = "<group>";
		};
		FB6047D129D0C6AA00EA7557 /* Views */ = {
			isa = PBXGroup;
			children = (
				A564438729AC9F9B008925E9 /* ContentView.swift */,
				A56443A029ACB591008925E9 /* ProfileView.swift */,
				A56443A229ACB897008925E9 /* GridPhotoView.swift */,
				A564439429ACA088008925E9 /* PhotoList.swift */,
				A564439C29ACA217008925E9 /* PhotoRow.swift */,
				FB6047D629D0D96C00EA7557 /* ImagePicker.swift */,
				FB6047D829D0D97800EA7557 /* CameraPicker.swift */,
				FB6047D229D0C6D000EA7557 /* Helpers */,
			);
			path = Views;
			sourceTree = "<group>";
		};
		FB6047D229D0C6D000EA7557 /* Helpers */ = {
			isa = PBXGroup;
			children = (
				A56443A429ACC24F008925E9 /* SquareImage.swift */,
			);
			path = Helpers;
			sourceTree = "<group>";
		};
		FB6047D329D0C81900EA7557 /* ViewModel */ = {
			isa = PBXGroup;
			children = (
				FB6047D429D0C83A00EA7557 /* ViewModel.swift */,
			);
			path = ViewModel;
			sourceTree = "<group>";
		};
/* End PBXGroup section */

/* Begin PBXNativeTarget section */
		A564438129AC9F9B008925E9 /* SolarGram */ = {
			isa = PBXNativeTarget;
			buildConfigurationList = A564439129AC9F9C008925E9 /* Build configuration list for PBXNativeTarget "SolarGram" */;
			buildPhases = (
				A564437E29AC9F9B008925E9 /* Sources */,
				A564437F29AC9F9B008925E9 /* Frameworks */,
				A564438029AC9F9B008925E9 /* Resources */,
			);
			buildRules = (
			);
			dependencies = (
			);
			name = SolarGram;
			productName = SolarGram;
			productReference = A564438229AC9F9B008925E9 /* SolarGram.app */;
			productType = "com.apple.product-type.application";
		};
/* End PBXNativeTarget section */

/* Begin PBXProject section */
		A564437A29AC9F9B008925E9 /* Project object */ = {
			isa = PBXProject;
			attributes = {
				BuildIndependentTargetsInParallel = 1;
				LastSwiftUpdateCheck = 1420;
				LastUpgradeCheck = 1420;
				TargetAttributes = {
					A564438129AC9F9B008925E9 = {
						CreatedOnToolsVersion = 14.2;
					};
				};
			};
			buildConfigurationList = A564437D29AC9F9B008925E9 /* Build configuration list for PBXProject "SolarGram" */;
			compatibilityVersion = "Xcode 14.0";
			developmentRegion = en;
			hasScannedForEncodings = 0;
			knownRegions = (
				en,
				Base,
			);
			mainGroup = A564437929AC9F9B008925E9;
			productRefGroup = A564438329AC9F9B008925E9 /* Products */;
			projectDirPath = "";
			projectRoot = "";
			targets = (
				A564438129AC9F9B008925E9 /* SolarGram */,
			);
		};
/* End PBXProject section */

/* Begin PBXResourcesBuildPhase section */
		A564438029AC9F9B008925E9 /* Resources */ = {
			isa = PBXResourcesBuildPhase;
			buildActionMask = 2147483647;
			files = (
				A564438E29AC9F9C008925E9 /* Preview Assets.xcassets in Resources */,
				A564438A29AC9F9C008925E9 /* Assets.xcassets in Resources */,
			);
			runOnlyForDeploymentPostprocessing = 0;
		};
/* End PBXResourcesBuildPhase section */

/* Begin PBXSourcesBuildPhase section */
		A564437E29AC9F9B008925E9 /* Sources */ = {
			isa = PBXSourcesBuildPhase;
			buildActionMask = 2147483647;
			files = (
				A56443A129ACB591008925E9 /* ProfileView.swift in Sources */,
				A564438829AC9F9B008925E9 /* ContentView.swift in Sources */,
				A56443A329ACB897008925E9 /* GridPhotoView.swift in Sources */,
				FB6047D529D0C83A00EA7557 /* ViewModel.swift in Sources */,
				A564438629AC9F9B008925E9 /* SolarGramApp.swift in Sources */,
				A564439B29ACA0BF008925E9 /* User.swift in Sources */,
				A564439D29ACA217008925E9 /* PhotoRow.swift in Sources */,
				A564439529ACA088008925E9 /* PhotoList.swift in Sources */,
				FB6047D929D0D97800EA7557 /* CameraPicker.swift in Sources */,
				A564439F29ACA4C8008925E9 /* PublicPosts.swift in Sources */,
				FB6047D729D0D96C00EA7557 /* ImagePicker.swift in Sources */,
				A56443A529ACC24F008925E9 /* SquareImage.swift in Sources */,
				A564439729ACA0B2008925E9 /* Post.swift in Sources */,
			);
			runOnlyForDeploymentPostprocessing = 0;
		};
/* End PBXSourcesBuildPhase section */

/* Begin XCBuildConfiguration section */
		A564438F29AC9F9C008925E9 /* Debug */ = {
			isa = XCBuildConfiguration;
			buildSettings = {
				ALWAYS_SEARCH_USER_PATHS = NO;
				CLANG_ANALYZER_NONNULL = YES;
				CLANG_ANALYZER_NUMBER_OBJECT_CONVERSION = YES_AGGRESSIVE;
				CLANG_CXX_LANGUAGE_STANDARD = "gnu++20";
				CLANG_ENABLE_MODULES = YES;
				CLANG_ENABLE_OBJC_ARC = YES;
				CLANG_ENABLE_OBJC_WEAK = YES;
				CLANG_WARN_BLOCK_CAPTURE_AUTORELEASING = YES;
				CLANG_WARN_BOOL_CONVERSION = YES;
				CLANG_WARN_COMMA = YES;
				CLANG_WARN_CONSTANT_CONVERSION = YES;
				CLANG_WARN_DEPRECATED_OBJC_IMPLEMENTATIONS = YES;
				CLANG_WARN_DIRECT_OBJC_ISA_USAGE = YES_ERROR;
				CLANG_WARN_DOCUMENTATION_COMMENTS = YES;
				CLANG_WARN_EMPTY_BODY = YES;
				CLANG_WARN_ENUM_CONVERSION = YES;
				CLANG_WARN_INFINITE_RECURSION = YES;
				CLANG_WARN_INT_CONVERSION = YES;
				CLANG_WARN_NON_LITERAL_NULL_CONVERSION = YES;
				CLANG_WARN_OBJC_IMPLICIT_RETAIN_SELF = YES;
				CLANG_WARN_OBJC_LITERAL_CONVERSION = YES;
				CLANG_WARN_OBJC_ROOT_CLASS = YES_ERROR;
				CLANG_WARN_QUOTED_INCLUDE_IN_FRAMEWORK_HEADER = YES;
				CLANG_WARN_RANGE_LOOP_ANALYSIS = YES;
				CLANG_WARN_STRICT_PROTOTYPES = YES;
				CLANG_WARN_SUSPICIOUS_MOVE = YES;
				CLANG_WARN_UNGUARDED_AVAILABILITY = YES_AGGRESSIVE;
				CLANG_WARN_UNREACHABLE_CODE = YES;
				CLANG_WARN__DUPLICATE_METHOD_MATCH = YES;
				COPY_PHASE_STRIP = NO;
				DEBUG_INFORMATION_FORMAT = dwarf;
				ENABLE_STRICT_OBJC_MSGSEND = YES;
				ENABLE_TESTABILITY = YES;
				GCC_C_LANGUAGE_STANDARD = gnu11;
				GCC_DYNAMIC_NO_PIC = NO;
				GCC_NO_COMMON_BLOCKS = YES;
				GCC_OPTIMIZATION_LEVEL = 0;
				GCC_PREPROCESSOR_DEFINITIONS = (
					"DEBUG=1",
					"$(inherited)",
				);
				GCC_WARN_64_TO_32_BIT_CONVERSION = YES;
				GCC_WARN_ABOUT_RETURN_TYPE = YES_ERROR;
				GCC_WARN_UNDECLARED_SELECTOR = YES;
				GCC_WARN_UNINITIALIZED_AUTOS = YES_AGGRESSIVE;
				GCC_WARN_UNUSED_FUNCTION = YES;
				GCC_WARN_UNUSED_VARIABLE = YES;
				MTL_ENABLE_DEBUG_INFO = INCLUDE_SOURCE;
				MTL_FAST_MATH = YES;
				ONLY_ACTIVE_ARCH = YES;
				SWIFT_ACTIVE_COMPILATION_CONDITIONS = DEBUG;
				SWIFT_OPTIMIZATION_LEVEL = "-Onone";
			};
			name = Debug;
		};
		A564439029AC9F9C008925E9 /* Release */ = {
			isa = XCBuildConfiguration;
			buildSettings = {
				ALWAYS_SEARCH_USER_PATHS = NO;
				CLANG_ANALYZER_NONNULL = YES;
				CLANG_ANALYZER_NUMBER_OBJECT_CONVERSION = YES_AGGRESSIVE;
				CLANG_CXX_LANGUAGE_STANDARD = "gnu++20";
				CLANG_ENABLE_MODULES = YES;
				CLANG_ENABLE_OBJC_ARC = YES;
				CLANG_ENABLE_OBJC_WEAK = YES;
				CLANG_WARN_BLOCK_CAPTURE_AUTORELEASING = YES;
				CLANG_WARN_BOOL_CONVERSION = YES;
				CLANG_WARN_COMMA = YES;
				CLANG_WARN_CONSTANT_CONVERSION = YES;
				CLANG_WARN_DEPRECATED_OBJC_IMPLEMENTATIONS = YES;
				CLANG_WARN_DIRECT_OBJC_ISA_USAGE = YES_ERROR;
				CLANG_WARN_DOCUMENTATION_COMMENTS = YES;
				CLANG_WARN_EMPTY_BODY = YES;
				CLANG_WARN_ENUM_CONVERSION = YES;
				CLANG_WARN_INFINITE_RECURSION = YES;
				CLANG_WARN_INT_CONVERSION = YES;
				CLANG_WARN_NON_LITERAL_NULL_CONVERSION = YES;
				CLANG_WARN_OBJC_IMPLICIT_RETAIN_SELF = YES;
				CLANG_WARN_OBJC_LITERAL_CONVERSION = YES;
				CLANG_WARN_OBJC_ROOT_CLASS = YES_ERROR;
				CLANG_WARN_QUOTED_INCLUDE_IN_FRAMEWORK_HEADER = YES;
				CLANG_WARN_RANGE_LOOP_ANALYSIS = YES;
				CLANG_WARN_STRICT_PROTOTYPES = YES;
				CLANG_WARN_SUSPICIOUS_MOVE = YES;
				CLANG_WARN_UNGUARDED_AVAILABILITY = YES_AGGRESSIVE;
				CLANG_WARN_UNREACHABLE_CODE = YES;
				CLANG_WARN__DUPLICATE_METHOD_MATCH = YES;
				COPY_PHASE_STRIP = NO;
				DEBUG_INFORMATION_FORMAT = "dwarf-with-dsym";
				ENABLE_NS_ASSERTIONS = NO;
				ENABLE_STRICT_OBJC_MSGSEND = YES;
				GCC_C_LANGUAGE_STANDARD = gnu11;
				GCC_NO_COMMON_BLOCKS = YES;
				GCC_WARN_64_TO_32_BIT_CONVERSION = YES;
				GCC_WARN_ABOUT_RETURN_TYPE = YES_ERROR;
				GCC_WARN_UNDECLARED_SELECTOR = YES;
				GCC_WARN_UNINITIALIZED_AUTOS = YES_AGGRESSIVE;
				GCC_WARN_UNUSED_FUNCTION = YES;
				GCC_WARN_UNUSED_VARIABLE = YES;
				MTL_ENABLE_DEBUG_INFO = NO;
				MTL_FAST_MATH = YES;
				SWIFT_COMPILATION_MODE = wholemodule;
				SWIFT_OPTIMIZATION_LEVEL = "-O";
			};
			name = Release;
		};
		A564439229AC9F9C008925E9 /* Debug */ = {
			isa = XCBuildConfiguration;
			buildSettings = {
				ASSETCATALOG_COMPILER_APPICON_NAME = AppIcon;
				ASSETCATALOG_COMPILER_GLOBAL_ACCENT_COLOR_NAME = AccentColor;
				CODE_SIGN_ENTITLEMENTS = SolarGram/SolarGram.entitlements;
				CODE_SIGN_STYLE = Automatic;
				CURRENT_PROJECT_VERSION = 1;
				DEVELOPMENT_ASSET_PATHS = "\"SolarGram/Preview Content\"";
				DEVELOPMENT_TEAM = 7X8X87X3P3;
				ENABLE_HARDENED_RUNTIME = YES;
				ENABLE_PREVIEWS = YES;
				GENERATE_INFOPLIST_FILE = YES;
				INFOPLIST_KEY_NSCameraUsageDescription = "";
				"INFOPLIST_KEY_UIApplicationSceneManifest_Generation[sdk=iphoneos*]" = YES;
				"INFOPLIST_KEY_UIApplicationSceneManifest_Generation[sdk=iphonesimulator*]" = YES;
				"INFOPLIST_KEY_UIApplicationSupportsIndirectInputEvents[sdk=iphoneos*]" = YES;
				"INFOPLIST_KEY_UIApplicationSupportsIndirectInputEvents[sdk=iphonesimulator*]" = YES;
				"INFOPLIST_KEY_UILaunchScreen_Generation[sdk=iphoneos*]" = YES;
				"INFOPLIST_KEY_UILaunchScreen_Generation[sdk=iphonesimulator*]" = YES;
				"INFOPLIST_KEY_UIStatusBarStyle[sdk=iphoneos*]" = UIStatusBarStyleDefault;
				"INFOPLIST_KEY_UIStatusBarStyle[sdk=iphonesimulator*]" = UIStatusBarStyleDefault;
				INFOPLIST_KEY_UISupportedInterfaceOrientations_iPhone = "UIInterfaceOrientationPortrait UIInterfaceOrientationLandscapeLeft UIInterfaceOrientationLandscapeRight";
				IPHONEOS_DEPLOYMENT_TARGET = 16.2;
				LD_RUNPATH_SEARCH_PATHS = "@executable_path/Frameworks";
				"LD_RUNPATH_SEARCH_PATHS[sdk=macosx*]" = "@executable_path/../Frameworks";
				MACOSX_DEPLOYMENT_TARGET = 13.1;
				MARKETING_VERSION = 1.0;
				PRODUCT_BUNDLE_IDENTIFIER = com.spark.SolarGram2;
				PRODUCT_NAME = "$(TARGET_NAME)";
				SDKROOT = auto;
				SUPPORTED_PLATFORMS = "iphonesimulator iphoneos";
				SWIFT_EMIT_LOC_STRINGS = YES;
				SWIFT_VERSION = 5.0;
				TARGETED_DEVICE_FAMILY = "1,2";
			};
			name = Debug;
		};
		A564439329AC9F9C008925E9 /* Release */ = {
			isa = XCBuildConfiguration;
			buildSettings = {
				ASSETCATALOG_COMPILER_APPICON_NAME = AppIcon;
				ASSETCATALOG_COMPILER_GLOBAL_ACCENT_COLOR_NAME = AccentColor;
				CODE_SIGN_ENTITLEMENTS = SolarGram/SolarGram.entitlements;
				CODE_SIGN_STYLE = Automatic;
				CURRENT_PROJECT_VERSION = 1;
				DEVELOPMENT_ASSET_PATHS = "\"SolarGram/Preview Content\"";
				DEVELOPMENT_TEAM = 7X8X87X3P3;
				ENABLE_HARDENED_RUNTIME = YES;
				ENABLE_PREVIEWS = YES;
				GENERATE_INFOPLIST_FILE = YES;
				INFOPLIST_KEY_NSCameraUsageDescription = "";
				"INFOPLIST_KEY_UIApplicationSceneManifest_Generation[sdk=iphoneos*]" = YES;
				"INFOPLIST_KEY_UIApplicationSceneManifest_Generation[sdk=iphonesimulator*]" = YES;
				"INFOPLIST_KEY_UIApplicationSupportsIndirectInputEvents[sdk=iphoneos*]" = YES;
				"INFOPLIST_KEY_UIApplicationSupportsIndirectInputEvents[sdk=iphonesimulator*]" = YES;
				"INFOPLIST_KEY_UILaunchScreen_Generation[sdk=iphoneos*]" = YES;
				"INFOPLIST_KEY_UILaunchScreen_Generation[sdk=iphonesimulator*]" = YES;
				"INFOPLIST_KEY_UIStatusBarStyle[sdk=iphoneos*]" = UIStatusBarStyleDefault;
				"INFOPLIST_KEY_UIStatusBarStyle[sdk=iphonesimulator*]" = UIStatusBarStyleDefault;
				INFOPLIST_KEY_UISupportedInterfaceOrientations_iPhone = "UIInterfaceOrientationPortrait UIInterfaceOrientationLandscapeLeft UIInterfaceOrientationLandscapeRight";
				IPHONEOS_DEPLOYMENT_TARGET = 16.2;
				LD_RUNPATH_SEARCH_PATHS = "@executable_path/Frameworks";
				"LD_RUNPATH_SEARCH_PATHS[sdk=macosx*]" = "@executable_path/../Frameworks";
				MACOSX_DEPLOYMENT_TARGET = 13.1;
				MARKETING_VERSION = 1.0;
				PRODUCT_BUNDLE_IDENTIFIER = com.spark.SolarGram2;
				PRODUCT_NAME = "$(TARGET_NAME)";
				SDKROOT = auto;
				SUPPORTED_PLATFORMS = "iphonesimulator iphoneos";
				SWIFT_EMIT_LOC_STRINGS = YES;
				SWIFT_VERSION = 5.0;
				TARGETED_DEVICE_FAMILY = "1,2";
			};
			name = Release;
		};
/* End XCBuildConfiguration section */

/* Begin XCConfigurationList section */
		A564437D29AC9F9B008925E9 /* Build configuration list for PBXProject "SolarGram" */ = {
			isa = XCConfigurationList;
			buildConfigurations = (
				A564438F29AC9F9C008925E9 /* Debug */,
				A564439029AC9F9C008925E9 /* Release */,
			);
			defaultConfigurationIsVisible = 0;
			defaultConfigurationName = Release;
		};
		A564439129AC9F9C008925E9 /* Build configuration list for PBXNativeTarget "SolarGram" */ = {
			isa = XCConfigurationList;
			buildConfigurations = (
				A564439229AC9F9C008925E9 /* Debug */,
				A564439329AC9F9C008925E9 /* Release */,
			);
			defaultConfigurationIsVisible = 0;
			defaultConfigurationName = Release;
		};
/* End XCConfigurationList section */
	};
	rootObject = A564437A29AC9F9B008925E9 /* Project object */;
}
